
Microsoft Visual Studio Solution File, Format Version 12.00
# Visual Studio Version 17
VisualStudioVersion = 17.11.35327.3
MinimumVisualStudioVersion = 10.0.40219.1
Project("{FAE04EC0-301F-11D3-BF4B-00C04F79EFBC}") = "SerilogDemo", "SerilogDemo.csproj", "{ABC1B919-8E35-45DF-8D4A-4F5AFF3AE137}"
EndProject
Project("{FAE04EC0-301F-11D3-BF4B-00C04F79EFBC}") = "LogSearchTools", "LogSearchTools\LogSearchTools.csproj", "{33CC7592-98FB-4A09-9756-D9ECC9BC7C8D}"
EndProject
Project("{FAE04EC0-301F-11D3-BF4B-00C04F79EFBC}") = "PaymentGateway.Contracts", "PaymentGateway.Contracts\PaymentGateway.Contracts.csproj", "{2C13D0F4-178B-48F5-8A60-06F397E8A859}"
EndProject
Project("{FAE04EC0-301F-11D3-BF4B-00C04F79EFBC}") = "PaymentGateway", "PaymentGateway\PaymentGateway.csproj", "{24D097AD-91F3-4EF9-9A1F-E07EB603D872}"
EndProject
Project("{FAE04EC0-301F-11D3-BF4B-00C04F79EFBC}") = "SerilogDemo.Messaging", "SerilogDemo.Messaging\SerilogDemo.Messaging.csproj", "{5A92F79A-EE4F-4593-BF5E-894A8178647B}"
EndProject
Project("{FAE04EC0-301F-11D3-BF4B-00C04F79EFBC}") = "NotificationsApi", "NotificationsApi\NotificationsApi.csproj", "{15345BE4-8384-4B72-A25D-597FCF3A1FF2}"
EndProject
Project("{FAE04EC0-301F-11D3-BF4B-00C04F79EFBC}") = "FulfillmentApi", "FulfillmentApi\FulfillmentApi.csproj", "{37CAC6B6-E307-4AD4-B459-DA5F1AC82E8A}"
EndProject
Project("{FAE04EC0-301F-11D3-BF4B-00C04F79EFBC}") = "SerilogDemo.Hosting", "SerilogDemo.Hosting\SerilogDemo.Hosting.csproj", "{2254D093-0BCF-43DA-858A-171FB0B83AD0}"
EndProject
Project("{FAE04EC0-301F-11D3-BF4B-00C04F79EFBC}") = "SerilogDemo.IntegrationTests", "SerilogDemo.IntegrationTests\SerilogDemo.IntegrationTests.csproj", "{EC3151D6-AFA8-47E0-9731-61B6BFDD4FD9}"
EndProject
Global
	GlobalSection(SolutionConfigurationPlatforms) = preSolution
		Debug|Any CPU = Debug|Any CPU
		Debug|x64 = Debug|x64
		Debug|x86 = Debug|x86
		Release|Any CPU = Release|Any CPU
		Release|x64 = Release|x64
		Release|x86 = Release|x86
	EndGlobalSection
	GlobalSection(ProjectConfigurationPlatforms) = postSolution
		{ABC1B919-8E35-45DF-8D4A-4F5AFF3AE137}.Debug|Any CPU.ActiveCfg = Debug|Any CPU
		{ABC1B919-8E35-45DF-8D4A-4F5AFF3AE137}.Debug|Any CPU.Build.0 = Debug|Any CPU
		{ABC1B919-8E35-45DF-8D4A-4F5AFF3AE137}.Debug|x64.ActiveCfg = Debug|Any CPU
		{ABC1B919-8E35-45DF-8D4A-4F5AFF3AE137}.Debug|x64.Build.0 = Debug|Any CPU
		{ABC1B919-8E35-45DF-8D4A-4F5AFF3AE137}.Debug|x86.ActiveCfg = Debug|Any CPU
		{ABC1B919-8E35-45DF-8D4A-4F5AFF3AE137}.Debug|x86.Build.0 = Debug|Any CPU
		{ABC1B919-8E35-45DF-8D4A-4F5AFF3AE137}.Release|Any CPU.ActiveCfg = Release|Any CPU
		{ABC1B919-8E35-45DF-8D4A-4F5AFF3AE137}.Release|Any CPU.Build.0 = Release|Any CPU
		{ABC1B919-8E35-45DF-8D4A-4F5AFF3AE137}.Release|x64.ActiveCfg = Release|Any CPU
		{ABC1B919-8E35-45DF-8D4A-4F5AFF3AE137}.Release|x64.Build.0 = Release|Any CPU
		{ABC1B919-8E35-45DF-8D4A-4F5AFF3AE137}.Release|x86.ActiveCfg = Release|Any CPU
		{ABC1B919-8E35-45DF-8D4A-4F5AFF3AE137}.Release|x86.Build.0 = Release|Any CPU
		{33CC7592-98FB-4A09-9756-D9ECC9BC7C8D}.Debug|Any CPU.ActiveCfg = Debug|Any CPU
		{33CC7592-98FB-4A09-9756-D9ECC9BC7C8D}.Debug|Any CPU.Build.0 = Debug|Any CPU
		{33CC7592-98FB-4A09-9756-D9ECC9BC7C8D}.Debug|x64.ActiveCfg = Debug|Any CPU
		{33CC7592-98FB-4A09-9756-D9ECC9BC7C8D}.Debug|x64.Build.0 = Debug|Any CPU
		{33CC7592-98FB-4A09-9756-D9ECC9BC7C8D}.Debug|x86.ActiveCfg = Debug|Any CPU
		{33CC7592-98FB-4A09-9756-D9ECC9BC7C8D}.Debug|x86.Build.0 = Debug|Any CPU
		{33CC7592-98FB-4A09-9756-D9ECC9BC7C8D}.Release|Any CPU.ActiveCfg = Release|Any CPU
		{33CC7592-98FB-4A09-9756-D9ECC9BC7C8D}.Release|Any CPU.Build.0 = Release|Any CPU
		{33CC7592-98FB-4A09-9756-D9ECC9BC7C8D}.Release|x64.ActiveCfg = Release|Any CPU
		{33CC7592-98FB-4A09-9756-D9ECC9BC7C8D}.Release|x64.Build.0 = Release|Any CPU
		{33CC7592-98FB-4A09-9756-D9ECC9BC7C8D}.Release|x86.ActiveCfg = Release|Any CPU
		{33CC7592-98FB-4A09-9756-D9ECC9BC7C8D}.Release|x86.Build.0 = Release|Any CPU
		{2C13D0F4-178B-48F5-8A60-06F397E8A859}.Debug|Any CPU.ActiveCfg = Debug|Any CPU
		{2C13D0F4-178B-48F5-8A60-06F397E8A859}.Debug|Any CPU.Build.0 = Debug|Any CPU
		{2C13D0F4-178B-48F5-8A60-06F397E8A859}.Debug|x64.ActiveCfg = Debug|Any CPU
		{2C13D0F4-178B-48F5-8A60-06F397E8A859}.Debug|x64.Build.0 = Debug|Any CPU
		{2C13D0F4-178B-48F5-8A60-06F397E8A859}.Debug|x86.ActiveCfg = Debug|Any CPU
		{2C13D0F4-178B-48F5-8A60-06F397E8A859}.Debug|x86.Build.0 = Debug|Any CPU
		{2C13D0F4-178B-48F5-8A60-06F397E8A859}.Release|Any CPU.ActiveCfg = Release|Any CPU
		{2C13D0F4-178B-48F5-8A60-06F397E8A859}.Release|Any CPU.Build.0 = Release|Any CPU
		{2C13D0F4-178B-48F5-8A60-06F397E8A859}.Release|x64.ActiveCfg = Release|Any CPU
		{2C13D0F4-178B-48F5-8A60-06F397E8A859}.Release|x64.Build.0 = Release|Any CPU
		{2C13D0F4-178B-48F5-8A60-06F397E8A859}.Release|x86.ActiveCfg = Release|Any CPU
		{2C13D0F4-178B-48F5-8A60-06F397E8A859}.Release|x86.Build.0 = Release|Any CPU
		{24D097AD-91F3-4EF9-9A1F-E07EB603D872}.Debug|Any CPU.ActiveCfg = Debug|Any CPU
		{24D097AD-91F3-4EF9-9A1F-E07EB603D872}.Debug|Any CPU.Build.0 = Debug|Any CPU
		{24D097AD-91F3-4EF9-9A1F-E07EB603D872}.Debug|x64.ActiveCfg = Debug|Any CPU
		{24D097AD-91F3-4EF9-9A1F-E07EB603D872}.Debug|x64.Build.0 = Debug|Any CPU
		{24D097AD-91F3-4EF9-9A1F-E07EB603D872}.Debug|x86.ActiveCfg = Debug|Any CPU
		{24D097AD-91F3-4EF9-9A1F-E07EB603D872}.Debug|x86.Build.0 = Debug|Any CPU
		{24D097AD-91F3-4EF9-9A1F-E07EB603D872}.Release|Any CPU.ActiveCfg = Release|Any CPU
		{24D097AD-91F3-4EF9-9A1F-E07EB603D872}.Release|Any CPU.Build.0 = Release|Any CPU
		{24D097AD-91F3-4EF9-9A1F-E07EB603D872}.Release|x64.ActiveCfg = Release|Any CPU
		{24D097AD-91F3-4EF9-9A1F-E07EB603D872}.Release|x64.Build.0 = Release|Any CPU
		{24D097AD-91F3-4EF9-9A1F-E07EB603D872}.Release|x86.ActiveCfg = Release|Any CPU
		{24D097AD-91F3-4EF9-9A1F-E07EB603D872}.Release|x86.Build.0 = Release|Any CPU
		{5A92F79A-EE4F-4593-BF5E-894A8178647B}.Debug|Any CPU.ActiveCfg = Debug|Any CPU
		{5A92F79A-EE4F-4593-BF5E-894A8178647B}.Debug|Any CPU.Build.0 = Debug|Any CPU
		{5A92F79A-EE4F-4593-BF5E-894A8178647B}.Debug|x64.ActiveCfg = Debug|Any CPU
		{5A92F79A-EE4F-4593-BF5E-894A8178647B}.Debug|x64.Build.0 = Debug|Any CPU
		{5A92F79A-EE4F-4593-BF5E-894A8178647B}.Debug|x86.ActiveCfg = Debug|Any CPU
		{5A92F79A-EE4F-4593-BF5E-894A8178647B}.Debug|x86.Build.0 = Debug|Any CPU
		{5A92F79A-EE4F-4593-BF5E-894A8178647B}.Release|Any CPU.ActiveCfg = Release|Any CPU
		{5A92F79A-EE4F-4593-BF5E-894A8178647B}.Release|Any CPU.Build.0 = Release|Any CPU
		{5A92F79A-EE4F-4593-BF5E-894A8178647B}.Release|x64.ActiveCfg = Release|Any CPU
		{5A92F79A-EE4F-4593-BF5E-894A8178647B}.Release|x64.Build.0 = Release|Any CPU
		{5A92F79A-EE4F-4593-BF5E-894A8178647B}.Release|x86.ActiveCfg = Release|Any CPU
		{5A92F79A-EE4F-4593-BF5E-894A8178647B}.Release|x86.Build.0 = Release|Any CPU
		{15345BE4-8384-4B72-A25D-597FCF3A1FF2}.Debug|Any CPU.ActiveCfg = Debug|Any CPU
		{15345BE4-8384-4B72-A25D-597FCF3A1FF2}.Debug|Any CPU.Build.0 = Debug|Any CPU
		{15345BE4-8384-4B72-A25D-597FCF3A1FF2}.Debug|x64.ActiveCfg = Debug|Any CPU
		{15345BE4-8384-4B72-A25D-597FCF3A1FF2}.Debug|x64.Build.0 = Debug|Any CPU
		{15345BE4-8384-4B72-A25D-597FCF3A1FF2}.Debug|x86.ActiveCfg = Debug|Any CPU
		{15345BE4-8384-4B72-A25D-597FCF3A1FF2}.Debug|x86.Build.0 = Debug|Any CPU
		{15345BE4-8384-4B72-A25D-597FCF3A1FF2}.Release|Any CPU.ActiveCfg = Release|Any CPU
		{15345BE4-8384-4B72-A25D-597FCF3A1FF2}.Release|Any CPU.Build.0 = Release|Any CPU
		{15345BE4-8384-4B72-A25D-597FCF3A1FF2}.Release|x64.ActiveCfg = Release|Any CPU
		{15345BE4-8384-4B72-A25D-597FCF3A1FF2}.Release|x64.Build.0 = Release|Any CPU
		{15345BE4-8384-4B72-A25D-597FCF3A1FF2}.Release|x86.ActiveCfg = Release|Any CPU
		{15345BE4-8384-4B72-A25D-597FCF3A1FF2}.Release|x86.Build.0 = Release|Any CPU
		{37CAC6B6-E307-4AD4-B459-DA5F1AC82E8A}.Debug|Any CPU.ActiveCfg = Debug|Any CPU
		{37CAC6B6-E307-4AD4-B459-DA5F1AC82E8A}.Debug|Any CPU.Build.0 = Debug|Any CPU
		{37CAC6B6-E307-4AD4-B459-DA5F1AC82E8A}.Debug|x64.ActiveCfg = Debug|Any CPU
		{37CAC6B6-E307-4AD4-B459-DA5F1AC82E8A}.Debug|x64.Build.0 = Debug|Any CPU
		{37CAC6B6-E307-4AD4-B459-DA5F1AC82E8A}.Debug|x86.ActiveCfg = Debug|Any CPU
		{37CAC6B6-E307-4AD4-B459-DA5F1AC82E8A}.Debug|x86.Build.0 = Debug|Any CPU
		{37CAC6B6-E307-4AD4-B459-DA5F1AC82E8A}.Release|Any CPU.ActiveCfg = Release|Any CPU
		{37CAC6B6-E307-4AD4-B459-DA5F1AC82E8A}.Release|Any CPU.Build.0 = Release|Any CPU
		{37CAC6B6-E307-4AD4-B459-DA5F1AC82E8A}.Release|x64.ActiveCfg = Release|Any CPU
		{37CAC6B6-E307-4AD4-B459-DA5F1AC82E8A}.Release|x64.Build.0 = Release|Any CPU
		{37CAC6B6-E307-4AD4-B459-DA5F1AC82E8A}.Release|x86.ActiveCfg = Release|Any CPU
		{37CAC6B6-E307-4AD4-B459-DA5F1AC82E8A}.Release|x86.Build.0 = Release|Any CPU
		{2254D093-0BCF-43DA-858A-171FB0B83AD0}.Debug|Any CPU.ActiveCfg = Debug|Any CPU
		{2254D093-0BCF-43DA-858A-171FB0B83AD0}.Debug|Any CPU.Build.0 = Debug|Any CPU
		{2254D093-0BCF-43DA-858A-171FB0B83AD0}.Debug|x64.ActiveCfg = Debug|Any CPU
		{2254D093-0BCF-43DA-858A-171FB0B83AD0}.Debug|x64.Build.0 = Debug|Any CPU
		{2254D093-0BCF-43DA-858A-171FB0B83AD0}.Debug|x86.ActiveCfg = Debug|Any CPU
		{2254D093-0BCF-43DA-858A-171FB0B83AD0}.Debug|x86.Build.0 = Debug|Any CPU
		{2254D093-0BCF-43DA-858A-171FB0B83AD0}.Release|Any CPU.ActiveCfg = Release|Any CPU
		{2254D093-0BCF-43DA-858A-171FB0B83AD0}.Release|Any CPU.Build.0 = Release|Any CPU
		{2254D093-0BCF-43DA-858A-171FB0B83AD0}.Release|x64.ActiveCfg = Release|Any CPU
		{2254D093-0BCF-43DA-858A-171FB0B83AD0}.Release|x64.Build.0 = Release|Any CPU
		{2254D093-0BCF-43DA-858A-171FB0B83AD0}.Release|x86.ActiveCfg = Release|Any CPU
		{2254D093-0BCF-43DA-858A-171FB0B83AD0}.Release|x86.Build.0 = Release|Any CPU
		{EC3151D6-AFA8-47E0-9731-61B6BFDD4FD9}.Debug|Any CPU.ActiveCfg = Debug|Any CPU
		{EC3151D6-AFA8-47E0-9731-61B6BFDD4FD9}.Debug|Any CPU.Build.0 = Debug|Any CPU
		{EC3151D6-AFA8-47E0-9731-61B6BFDD4FD9}.Debug|x64.ActiveCfg = Debug|Any CPU
		{EC3151D6-AFA8-47E0-9731-61B6BFDD4FD9}.Debug|x64.Build.0 = Debug|Any CPU
		{EC3151D6-AFA8-47E0-9731-61B6BFDD4FD9}.Debug|x86.ActiveCfg = Debug|Any CPU
		{EC3151D6-AFA8-47E0-9731-61B6BFDD4FD9}.Debug|x86.Build.0 = Debug|Any CPU
		{EC3151D6-AFA8-47E0-9731-61B6BFDD4FD9}.Release|Any CPU.ActiveCfg = Release|Any CPU
		{EC3151D6-AFA8-47E0-9731-61B6BFDD4FD9}.Release|Any CPU.Build.0 = Release|Any CPU
		{EC3151D6-AFA8-47E0-9731-61B6BFDD4FD9}.Release|x64.ActiveCfg = Release|Any CPU
		{EC3151D6-AFA8-47E0-9731-61B6BFDD4FD9}.Release|x64.Build.0 = Release|Any CPU
		{EC3151D6-AFA8-47E0-9731-61B6BFDD4FD9}.Release|x86.ActiveCfg = Release|Any CPU
		{EC3151D6-AFA8-47E0-9731-61B6BFDD4FD9}.Release|x86.Build.0 = Release|Any CPU
	EndGlobalSection
	GlobalSection(SolutionProperties) = preSolution
		HideSolutionNode = FALSE
	EndGlobalSection
	GlobalSection(ExtensibilityGlobals) = postSolution
		SolutionGuid = {30FC71B3-D7D4-40E2-977A-9978C94A0E62}
	EndGlobalSection
EndGlobal
